
Microsoft Visual Studio Solution File, Format Version 12.00
# Visual Studio Version 16
VisualStudioVersion = 16.0.31702.278
MinimumVisualStudioVersion = 10.0.40219.1
Project("{FAE04EC0-301F-11D3-BF4B-00C04F79EFBC}") = "Laborator1", "Laborator1\Laborator1.csproj", "{DFBBBFBE-B7D9-42CA-B58A-FBB206775309}"
EndProject
Global
	GlobalSection(SolutionConfigurationPlatforms) = preSolution
		Debug|Any CPU = Debug|Any CPU
		Release|Any CPU = Release|Any CPU
	EndGlobalSection
	GlobalSection(ProjectConfigurationPlatforms) = postSolution
		{DFBBBFBE-B7D9-42CA-B58A-FBB206775309}.Debug|Any CPU.ActiveCfg = Debug|Any CPU
		{DFBBBFBE-B7D9-42CA-B58A-FBB206775309}.Debug|Any CPU.Build.0 = Debug|Any CPU
		{DFBBBFBE-B7D9-42CA-B58A-FBB206775309}.Release|Any CPU.ActiveCfg = Release|Any CPU
		{DFBBBFBE-B7D9-42CA-B58A-FBB206775309}.Release|Any CPU.Build.0 = Release|Any CPU
	EndGlobalSection
	GlobalSection(SolutionProperties) = preSolution
		HideSolutionNode = FALSE
	EndGlobalSection
	GlobalSection(ExtensibilityGlobals) = postSolution
		SolutionGuid = {217A0D35-D4C0-4594-B71D-E06123014C1D}
	EndGlobalSection
EndGlobal
